
Microsoft Visual Studio Solution File, Format Version 12.00
# Visual Studio Version 16
VisualStudioVersion = 16.0.30503.244
MinimumVisualStudioVersion = 10.0.40219.1
Project("{9A19103F-16F7-4668-BE54-9A1E7A4F7556}") = "CodingChallenge.Web", "src\CodingChallenge.Web\CodingChallenge.Web.csproj", "{B6EF069A-CF4B-45CE-AC01-348DA346859B}"
EndProject
Project("{9A19103F-16F7-4668-BE54-9A1E7A4F7556}") = "CodingChallenge.Service", "src\CodingChallenge.Service\CodingChallenge.Service.csproj", "{6C53300E-0C32-4284-9903-FAD3C932FBCB}"
EndProject
Project("{FAE04EC0-301F-11D3-BF4B-00C04F79EFBC}") = "CodingChallenge.Tests", "CodingChallenge.Tests\CodingChallenge.Tests.csproj", "{CD16E996-6320-40D8-BBDA-DCD3CC4C955A}"
EndProject
Global
	GlobalSection(SolutionConfigurationPlatforms) = preSolution
		Debug|Any CPU = Debug|Any CPU
		Release|Any CPU = Release|Any CPU
	EndGlobalSection
	GlobalSection(ProjectConfigurationPlatforms) = postSolution
		{B6EF069A-CF4B-45CE-AC01-348DA346859B}.Debug|Any CPU.ActiveCfg = Debug|Any CPU
		{B6EF069A-CF4B-45CE-AC01-348DA346859B}.Debug|Any CPU.Build.0 = Debug|Any CPU
		{B6EF069A-CF4B-45CE-AC01-348DA346859B}.Release|Any CPU.ActiveCfg = Release|Any CPU
		{B6EF069A-CF4B-45CE-AC01-348DA346859B}.Release|Any CPU.Build.0 = Release|Any CPU
		{6C53300E-0C32-4284-9903-FAD3C932FBCB}.Debug|Any CPU.ActiveCfg = Debug|Any CPU
		{6C53300E-0C32-4284-9903-FAD3C932FBCB}.Debug|Any CPU.Build.0 = Debug|Any CPU
		{6C53300E-0C32-4284-9903-FAD3C932FBCB}.Release|Any CPU.ActiveCfg = Release|Any CPU
		{6C53300E-0C32-4284-9903-FAD3C932FBCB}.Release|Any CPU.Build.0 = Release|Any CPU
		{CD16E996-6320-40D8-BBDA-DCD3CC4C955A}.Debug|Any CPU.ActiveCfg = Debug|Any CPU
		{CD16E996-6320-40D8-BBDA-DCD3CC4C955A}.Debug|Any CPU.Build.0 = Debug|Any CPU
		{CD16E996-6320-40D8-BBDA-DCD3CC4C955A}.Release|Any CPU.ActiveCfg = Release|Any CPU
		{CD16E996-6320-40D8-BBDA-DCD3CC4C955A}.Release|Any CPU.Build.0 = Release|Any CPU
	EndGlobalSection
	GlobalSection(SolutionProperties) = preSolution
		HideSolutionNode = FALSE
	EndGlobalSection
	GlobalSection(ExtensibilityGlobals) = postSolution
		SolutionGuid = {589F95D0-C989-4EDF-A622-282939D5AD9C}
	EndGlobalSection
EndGlobal
